github.com/gorilla/websocket v1.5.3 h1:saDtZ6Pbx/0u+bgYQ3q96pZgCzfhKXGPqt7kZ72aNNg=
github.com/gorilla/websocket v1.5.3/go.mod h1:YR8l580nyteQvAITg2hZ9XVh4b55+EU/adAjf1fMHhE=
github.com/jokruger/dec128 v1.0.20 h1:GCEDL/FnkNY6ncCit1j+J/1ALY+cAJBSZR1wqZeVe9s=
github.com/jokruger/dec128 v1.0.20/go.mod h1:XmLxm2Jow2CB5IBBR/VhC4MiAkwBzvP9nZBO9n/1VXI=
